
Microsoft Visual Studio Solution File, Format Version 12.00
# Visual Studio Version 17
VisualStudioVersion = 17.1.32319.34
MinimumVisualStudioVersion = 10.0.40219.1
Project("{2150E333-8FDC-42A3-9474-1A3956D46DE8}") = "src", "src", "{4B98C4B6-FA87-40EB-AD4C-B4D358A64184}"
EndProject
Project("{2150E333-8FDC-42A3-9474-1A3956D46DE8}") = "Api", "Api", "{AAA55EF3-8324-4064-960E-1DB4BDFC938F}"
EndProject
Project("{2150E333-8FDC-42A3-9474-1A3956D46DE8}") = "Clients", "Clients", "{701FD315-4396-4BC6-8B90-C31EC7355EFE}"
EndProject
Project("{2150E333-8FDC-42A3-9474-1A3956D46DE8}") = "Common", "Common", "{2C41A07D-29E5-4659-A4AA-37B1CAF144C9}"
EndProject
Project("{2150E333-8FDC-42A3-9474-1A3956D46DE8}") = "Core", "Core", "{D4E85119-0E86-43AC-8159-25D283BBAE51}"
EndProject
Project("{2150E333-8FDC-42A3-9474-1A3956D46DE8}") = "Infrastructure", "Infrastructure", "{FF1A9C7F-5379-42F0-AAFC-CEEF24430C27}"
EndProject
Project("{2150E333-8FDC-42A3-9474-1A3956D46DE8}") = "WebApi", "WebApi", "{08AF4D93-7039-45E3-A0E2-9D3C092D3F2B}"
EndProject
Project("{2150E333-8FDC-42A3-9474-1A3956D46DE8}") = "BlazorWeb", "BlazorWeb", "{0956E7B6-3DC6-43F5-B69B-DEF0A56FE76D}"
EndProject
Project("{FAE04EC0-301F-11D3-BF4B-00C04F79EFBC}") = "OzSozluk.Common", "src\Common\OzSozluk.Common\OzSozluk.Common.csproj", "{D671E75A-B375-4655-BDF9-8F5521561A82}"
EndProject
Project("{FAE04EC0-301F-11D3-BF4B-00C04F79EFBC}") = "OzSozluk.Api.Domain", "src\Api\Core\OzSozluk.Api.Domain\OzSozluk.Api.Domain.csproj", "{8A3C6246-EDE7-4A6A-A9F3-EA4E237DA6B8}"
EndProject
Project("{FAE04EC0-301F-11D3-BF4B-00C04F79EFBC}") = "OzSozluk.Api.Application", "src\Api\Core\OzSozluk.Api.Application\OzSozluk.Api.Application.csproj", "{26DD97B1-AA2C-4709-8109-07E545898577}"
EndProject
Project("{FAE04EC0-301F-11D3-BF4B-00C04F79EFBC}") = "OzSozluk.Infrastructure.Persistence", "src\Api\Infrastructure\OzSozluk.Infrastructure.Persistence\OzSozluk.Infrastructure.Persistence.csproj", "{C6338A79-93FA-4311-B2D5-832D6D72730F}"
EndProject
Project("{FAE04EC0-301F-11D3-BF4B-00C04F79EFBC}") = "OzSozluk.Api.WebApi", "src\Api\WebApi\OzSozluk.Api.WebApi\OzSozluk.Api.WebApi.csproj", "{D3CEC889-D8D9-49CE-BEE4-8D9D6C696F06}"
EndProject
Project("{2150E333-8FDC-42A3-9474-1A3956D46DE8}") = "Projections", "Projections", "{AEE71E5A-B2B8-4B7D-9D9C-2C878211E24F}"
EndProject
Project("{FAE04EC0-301F-11D3-BF4B-00C04F79EFBC}") = "OzSozluk.Projections.FavoriteService", "src\Projections\OzSozluk.Projections.FavoriteService\OzSozluk.Projections.FavoriteService.csproj", "{7A973C83-68DB-44DC-B63D-47EC69AE157A}"
EndProject
Project("{FAE04EC0-301F-11D3-BF4B-00C04F79EFBC}") = "OzSozluk.Projections.VoteService", "src\Projections\OzSozluk.Projections.VoteService\OzSozluk.Projections.VoteService.csproj", "{943AC6FA-C6CA-403F-8704-879BBB63B7A9}"
EndProject
Project("{FAE04EC0-301F-11D3-BF4B-00C04F79EFBC}") = "OzSozluk.Projections.UserService", "src\Projections\OzSozluk.Projections.UserService\OzSozluk.Projections.UserService.csproj", "{525E49DF-42FD-4339-B7CA-85094E8579B5}"
EndProject
Project("{FAE04EC0-301F-11D3-BF4B-00C04F79EFBC}") = "OzSozluk.Clients.BlazorWeb", "src\Clients\BlazorWeb\OzSozluk.Clients.BlazorWeb\OzSozluk.Clients.BlazorWeb.csproj", "{30D8DEF5-921F-4AB8-A0D9-20DEF3A7C52C}"
EndProject
Global
	GlobalSection(SolutionConfigurationPlatforms) = preSolution
		Debug|Any CPU = Debug|Any CPU
		Release|Any CPU = Release|Any CPU
	EndGlobalSection
	GlobalSection(ProjectConfigurationPlatforms) = postSolution
		{D671E75A-B375-4655-BDF9-8F5521561A82}.Debug|Any CPU.ActiveCfg = Debug|Any CPU
		{D671E75A-B375-4655-BDF9-8F5521561A82}.Debug|Any CPU.Build.0 = Debug|Any CPU
		{D671E75A-B375-4655-BDF9-8F5521561A82}.Release|Any CPU.ActiveCfg = Release|Any CPU
		{D671E75A-B375-4655-BDF9-8F5521561A82}.Release|Any CPU.Build.0 = Release|Any CPU
		{8A3C6246-EDE7-4A6A-A9F3-EA4E237DA6B8}.Debug|Any CPU.ActiveCfg = Debug|Any CPU
		{8A3C6246-EDE7-4A6A-A9F3-EA4E237DA6B8}.Debug|Any CPU.Build.0 = Debug|Any CPU
		{8A3C6246-EDE7-4A6A-A9F3-EA4E237DA6B8}.Release|Any CPU.ActiveCfg = Release|Any CPU
		{8A3C6246-EDE7-4A6A-A9F3-EA4E237DA6B8}.Release|Any CPU.Build.0 = Release|Any CPU
		{26DD97B1-AA2C-4709-8109-07E545898577}.Debug|Any CPU.ActiveCfg = Debug|Any CPU
		{26DD97B1-AA2C-4709-8109-07E545898577}.Debug|Any CPU.Build.0 = Debug|Any CPU
		{26DD97B1-AA2C-4709-8109-07E545898577}.Release|Any CPU.ActiveCfg = Release|Any CPU
		{26DD97B1-AA2C-4709-8109-07E545898577}.Release|Any CPU.Build.0 = Release|Any CPU
		{C6338A79-93FA-4311-B2D5-832D6D72730F}.Debug|Any CPU.ActiveCfg = Debug|Any CPU
		{C6338A79-93FA-4311-B2D5-832D6D72730F}.Debug|Any CPU.Build.0 = Debug|Any CPU
		{C6338A79-93FA-4311-B2D5-832D6D72730F}.Release|Any CPU.ActiveCfg = Release|Any CPU
		{C6338A79-93FA-4311-B2D5-832D6D72730F}.Release|Any CPU.Build.0 = Release|Any CPU
		{D3CEC889-D8D9-49CE-BEE4-8D9D6C696F06}.Debug|Any CPU.ActiveCfg = Debug|Any CPU
		{D3CEC889-D8D9-49CE-BEE4-8D9D6C696F06}.Debug|Any CPU.Build.0 = Debug|Any CPU
		{D3CEC889-D8D9-49CE-BEE4-8D9D6C696F06}.Release|Any CPU.ActiveCfg = Release|Any CPU
		{D3CEC889-D8D9-49CE-BEE4-8D9D6C696F06}.Release|Any CPU.Build.0 = Release|Any CPU
		{7A973C83-68DB-44DC-B63D-47EC69AE157A}.Debug|Any CPU.ActiveCfg = Debug|Any CPU
		{7A973C83-68DB-44DC-B63D-47EC69AE157A}.Debug|Any CPU.Build.0 = Debug|Any CPU
		{7A973C83-68DB-44DC-B63D-47EC69AE157A}.Release|Any CPU.ActiveCfg = Release|Any CPU
		{7A973C83-68DB-44DC-B63D-47EC69AE157A}.Release|Any CPU.Build.0 = Release|Any CPU
		{943AC6FA-C6CA-403F-8704-879BBB63B7A9}.Debug|Any CPU.ActiveCfg = Debug|Any CPU
		{943AC6FA-C6CA-403F-8704-879BBB63B7A9}.Debug|Any CPU.Build.0 = Debug|Any CPU
		{943AC6FA-C6CA-403F-8704-879BBB63B7A9}.Release|Any CPU.ActiveCfg = Release|Any CPU
		{943AC6FA-C6CA-403F-8704-879BBB63B7A9}.Release|Any CPU.Build.0 = Release|Any CPU
		{525E49DF-42FD-4339-B7CA-85094E8579B5}.Debug|Any CPU.ActiveCfg = Debug|Any CPU
		{525E49DF-42FD-4339-B7CA-85094E8579B5}.Debug|Any CPU.Build.0 = Debug|Any CPU
		{525E49DF-42FD-4339-B7CA-85094E8579B5}.Release|Any CPU.ActiveCfg = Release|Any CPU
		{525E49DF-42FD-4339-B7CA-85094E8579B5}.Release|Any CPU.Build.0 = Release|Any CPU
		{30D8DEF5-921F-4AB8-A0D9-20DEF3A7C52C}.Debug|Any CPU.ActiveCfg = Debug|Any CPU
		{30D8DEF5-921F-4AB8-A0D9-20DEF3A7C52C}.Debug|Any CPU.Build.0 = Debug|Any CPU
		{30D8DEF5-921F-4AB8-A0D9-20DEF3A7C52C}.Release|Any CPU.ActiveCfg = Release|Any CPU
		{30D8DEF5-921F-4AB8-A0D9-20DEF3A7C52C}.Release|Any CPU.Build.0 = Release|Any CPU
	EndGlobalSection
	GlobalSection(SolutionProperties) = preSolution
		HideSolutionNode = FALSE
	EndGlobalSection
	GlobalSection(NestedProjects) = preSolution
		{AAA55EF3-8324-4064-960E-1DB4BDFC938F} = {4B98C4B6-FA87-40EB-AD4C-B4D358A64184}
		{701FD315-4396-4BC6-8B90-C31EC7355EFE} = {4B98C4B6-FA87-40EB-AD4C-B4D358A64184}
		{2C41A07D-29E5-4659-A4AA-37B1CAF144C9} = {4B98C4B6-FA87-40EB-AD4C-B4D358A64184}
		{D4E85119-0E86-43AC-8159-25D283BBAE51} = {AAA55EF3-8324-4064-960E-1DB4BDFC938F}
		{FF1A9C7F-5379-42F0-AAFC-CEEF24430C27} = {AAA55EF3-8324-4064-960E-1DB4BDFC938F}
		{08AF4D93-7039-45E3-A0E2-9D3C092D3F2B} = {AAA55EF3-8324-4064-960E-1DB4BDFC938F}
		{0956E7B6-3DC6-43F5-B69B-DEF0A56FE76D} = {701FD315-4396-4BC6-8B90-C31EC7355EFE}
		{D671E75A-B375-4655-BDF9-8F5521561A82} = {2C41A07D-29E5-4659-A4AA-37B1CAF144C9}
		{8A3C6246-EDE7-4A6A-A9F3-EA4E237DA6B8} = {D4E85119-0E86-43AC-8159-25D283BBAE51}
		{26DD97B1-AA2C-4709-8109-07E545898577} = {D4E85119-0E86-43AC-8159-25D283BBAE51}
		{C6338A79-93FA-4311-B2D5-832D6D72730F} = {FF1A9C7F-5379-42F0-AAFC-CEEF24430C27}
		{D3CEC889-D8D9-49CE-BEE4-8D9D6C696F06} = {08AF4D93-7039-45E3-A0E2-9D3C092D3F2B}
		{AEE71E5A-B2B8-4B7D-9D9C-2C878211E24F} = {4B98C4B6-FA87-40EB-AD4C-B4D358A64184}
		{7A973C83-68DB-44DC-B63D-47EC69AE157A} = {AEE71E5A-B2B8-4B7D-9D9C-2C878211E24F}
		{943AC6FA-C6CA-403F-8704-879BBB63B7A9} = {AEE71E5A-B2B8-4B7D-9D9C-2C878211E24F}
		{525E49DF-42FD-4339-B7CA-85094E8579B5} = {AEE71E5A-B2B8-4B7D-9D9C-2C878211E24F}
		{30D8DEF5-921F-4AB8-A0D9-20DEF3A7C52C} = {0956E7B6-3DC6-43F5-B69B-DEF0A56FE76D}
	EndGlobalSection
	GlobalSection(ExtensibilityGlobals) = postSolution
		SolutionGuid = {7099F8B1-811C-4FD9-9D1D-1527B5A897BB}
	EndGlobalSection
EndGlobal
